
Microsoft Visual Studio Solution File, Format Version 12.00
Project("{FAE04EC0-301F-11D3-BF4B-00C04F79EFBC}") = "ORA_API", "ORA_API.csproj", "{0434693F-327C-44ED-B1C3-0EB22848FBFF}"
EndProject
Global
	GlobalSection(SolutionConfigurationPlatforms) = preSolution
		Debug|Any CPU = Debug|Any CPU
		Release|Any CPU = Release|Any CPU
	EndGlobalSection
	GlobalSection(ProjectConfigurationPlatforms) = postSolution
		{0434693F-327C-44ED-B1C3-0EB22848FBFF}.Debug|Any CPU.ActiveCfg = Debug|Any CPU
		{0434693F-327C-44ED-B1C3-0EB22848FBFF}.Debug|Any CPU.Build.0 = Debug|Any CPU
		{0434693F-327C-44ED-B1C3-0EB22848FBFF}.Release|Any CPU.ActiveCfg = Release|Any CPU
		{0434693F-327C-44ED-B1C3-0EB22848FBFF}.Release|Any CPU.Build.0 = Release|Any CPU
	EndGlobalSection
EndGlobal
